// !$*UTF8*$!
{
	archiveVersion = 1;
	classes = {
	};
	objectVersion = 50;
	objects = {

/* Begin PBXBuildFile section */
		54612AE720C22D2B00C5E271 /* AppDelegate.swift in Sources */ = {isa = PBXBuildFile; fileRef = 54612AE620C22D2B00C5E271 /* AppDelegate.swift */; };
		54612AE920C22D2B00C5E271 /* ViewController.swift in Sources */ = {isa = PBXBuildFile; fileRef = 54612AE820C22D2B00C5E271 /* ViewController.swift */; };
		54612AEC20C22D2B00C5E271 /* Main.storyboard in Resources */ = {isa = PBXBuildFile; fileRef = 54612AEA20C22D2B00C5E271 /* Main.storyboard */; };
		54612AEE20C22D2C00C5E271 /* Assets.xcassets in Resources */ = {isa = PBXBuildFile; fileRef = 54612AED20C22D2C00C5E271 /* Assets.xcassets */; };
		54612AF120C22D2C00C5E271 /* LaunchScreen.storyboard in Resources */ = {isa = PBXBuildFile; fileRef = 54612AEF20C22D2C00C5E271 /* LaunchScreen.storyboard */; };
		54612AF920C22D6500C5E271 /* SetGameViewController.swift in Sources */ = {isa = PBXBuildFile; fileRef = 54612AF820C22D6500C5E271 /* SetGameViewController.swift */; };
		54612AFB20C22E6500C5E271 /* SetCardView.swift in Sources */ = {isa = PBXBuildFile; fileRef = 54612AFA20C22E6500C5E271 /* SetCardView.swift */; };
		54A80B0020C23D83002B700C /* SetGameView.swift in Sources */ = {isa = PBXBuildFile; fileRef = 54A80AFF20C23D83002B700C /* SetGameView.swift */; };
/* End PBXBuildFile section */

/* Begin PBXFileReference section */
		54612AE320C22D2B00C5E271 /* demo.app */ = {isa = PBXFileReference; explicitFileType = wrapper.application; includeInIndex = 0; path = demo.app; sourceTree = BUILT_PRODUCTS_DIR; };
		54612AE620C22D2B00C5E271 /* AppDelegate.swift */ = {isa = PBXFileReference; lastKnownFileType = sourcecode.swift; path = AppDelegate.swift; sourceTree = "<group>"; };
		54612AE820C22D2B00C5E271 /* ViewController.swift */ = {isa = PBXFileReference; lastKnownFileType = sourcecode.swift; path = ViewController.swift; sourceTree = "<group>"; };
		54612AEB20C22D2B00C5E271 /* Base */ = {isa = PBXFileReference; lastKnownFileType = file.storyboard; name = Base; path = Base.lproj/Main.storyboard; sourceTree = "<group>"; };
		54612AED20C22D2C00C5E271 /* Assets.xcassets */ = {isa = PBXFileReference; lastKnownFileType = folder.assetcatalog; path = Assets.xcassets; sourceTree = "<group>"; };
		54612AF020C22D2C00C5E271 /* Base */ = {isa = PBXFileReference; lastKnownFileType = file.storyboard; name = Base; path = Base.lproj/LaunchScreen.storyboard; sourceTree = "<group>"; };
		54612AF220C22D2C00C5E271 /* Info.plist */ = {isa = PBXFileReference; lastKnownFileType = text.plist.xml; path = Info.plist; sourceTree = "<group>"; };
		54612AF820C22D6500C5E271 /* SetGameViewController.swift */ = {isa = PBXFileReference; lastKnownFileType = sourcecode.swift; path = SetGameViewController.swift; sourceTree = "<group>"; };
		54612AFA20C22E6500C5E271 /* SetCardView.swift */ = {isa = PBXFileReference; lastKnownFileType = sourcecode.swift; path = SetCardView.swift; sourceTree = "<group>"; };
		54A80AFF20C23D83002B700C /* SetGameView.swift */ = {isa = PBXFileReference; lastKnownFileType = sourcecode.swift; path = SetGameView.swift; sourceTree = "<group>"; };
/* End PBXFileReference section */

/* Begin PBXFrameworksBuildPhase section */
		54612AE020C22D2B00C5E271 /* Frameworks */ = {
			isa = PBXFrameworksBuildPhase;
			buildActionMask = 2147483647;
			files = (
			);
			runOnlyForDeploymentPostprocessing = 0;
		};
/* End PBXFrameworksBuildPhase section */

/* Begin PBXGroup section */
		54612ADA20C22D2B00C5E271 = {
			isa = PBXGroup;
			children = (
				54612AE520C22D2B00C5E271 /* demo */,
				54612AE420C22D2B00C5E271 /* Products */,
			);
			sourceTree = "<group>";
		};
		54612AE420C22D2B00C5E271 /* Products */ = {
			isa = PBXGroup;
			children = (
				54612AE320C22D2B00C5E271 /* demo.app */,
			);
			name = Products;
			sourceTree = "<group>";
		};
		54612AE520C22D2B00C5E271 /* demo */ = {
			isa = PBXGroup;
			children = (
				54612AE620C22D2B00C5E271 /* AppDelegate.swift */,
				54612AE820C22D2B00C5E271 /* ViewController.swift */,
				54612AF820C22D6500C5E271 /* SetGameViewController.swift */,
				54612AEA20C22D2B00C5E271 /* Main.storyboard */,
				54A80AFF20C23D83002B700C /* SetGameView.swift */,
				54612AED20C22D2C00C5E271 /* Assets.xcassets */,
				54612AEF20C22D2C00C5E271 /* LaunchScreen.storyboard */,
				54612AF220C22D2C00C5E271 /* Info.plist */,
				54612AFA20C22E6500C5E271 /* SetCardView.swift */,
			);
			path = demo;
			sourceTree = "<group>";
		};
/* End PBXGroup section */

/* Begin PBXNativeTarget section */
		54612AE220C22D2B00C5E271 /* demo */ = {
			isa = PBXNativeTarget;
			buildConfigurationList = 54612AF520C22D2C00C5E271 /* Build configuration list for PBXNativeTarget "demo" */;
			buildPhases = (
				54612ADF20C22D2B00C5E271 /* Sources */,
				54612AE020C22D2B00C5E271 /* Frameworks */,
				54612AE120C22D2B00C5E271 /* Resources */,
			);
			buildRules = (
			);
			dependencies = (
			);
			name = demo;
			productName = demo;
			productReference = 54612AE320C22D2B00C5E271 /* demo.app */;
			productType = "com.apple.product-type.application";
		};
/* End PBXNativeTarget section */

/* Begin PBXProject section */
		54612ADB20C22D2B00C5E271 /* Project object */ = {
			isa = PBXProject;
			attributes = {
				LastSwiftUpdateCheck = 0940;
				LastUpgradeCheck = 0940;
				ORGANIZATIONNAME = "Christopher Slade";
				TargetAttributes = {
					54612AE220C22D2B00C5E271 = {
						CreatedOnToolsVersion = 9.4;
					};
				};
			};
			buildConfigurationList = 54612ADE20C22D2B00C5E271 /* Build configuration list for PBXProject "demo" */;
			compatibilityVersion = "Xcode 9.3";
			developmentRegion = en;
			hasScannedForEncodings = 0;
			knownRegions = (
				en,
				Base,
			);
			mainGroup = 54612ADA20C22D2B00C5E271;
			productRefGroup = 54612AE420C22D2B00C5E271 /* Products */;
			projectDirPath = "";
			projectRoot = "";
			targets = (
				54612AE220C22D2B00C5E271 /* demo */,
			);
		};
/* End PBXProject section */

/* Begin PBXResourcesBuildPhase section */
		54612AE120C22D2B00C5E271 /* Resources */ = {
			isa = PBXResourcesBuildPhase;
			buildActionMask = 2147483647;
			files = (
				54612AF120C22D2C00C5E271 /* LaunchScreen.storyboard in Resources */,
				54612AEE20C22D2C00C5E271 /* Assets.xcassets in Resources */,
				54612AEC20C22D2B00C5E271 /* Main.storyboard in Resources */,
			);
			runOnlyForDeploymentPostprocessing = 0;
		};
/* End PBXResourcesBuildPhase section */

/* Begin PBXSourcesBuildPhase section */
		54612ADF20C22D2B00C5E271 /* Sources */ = {
			isa = PBXSourcesBuildPhase;
			buildActionMask = 2147483647;
			files = (
				54612AF920C22D6500C5E271 /* SetGameViewController.swift in Sources */,
				54612AFB20C22E6500C5E271 /* SetCardView.swift in Sources */,
				54A80B0020C23D83002B700C /* SetGameView.swift in Sources */,
				54612AE920C22D2B00C5E271 /* ViewController.swift in Sources */,
				54612AE720C22D2B00C5E271 /* AppDelegate.swift in Sources */,
			);
			runOnlyForDeploymentPostprocessing = 0;
		};
/* End PBXSourcesBuildPhase section */

/* Begin PBXVariantGroup section */
		54612AEA20C22D2B00C5E271 /* Main.storyboard */ = {
			isa = PBXVariantGroup;
			children = (
				54612AEB20C22D2B00C5E271 /* Base */,
			);
			name = Main.storyboard;
			sourceTree = "<group>";
		};
		54612AEF20C22D2C00C5E271 /* LaunchScreen.storyboard */ = {
			isa = PBXVariantGroup;
			children = (
				54612AF020C22D2C00C5E271 /* Base */,
			);
			name = LaunchScreen.storyboard;
			sourceTree = "<group>";
		};
/* End PBXVariantGroup section */

/* Begin XCBuildConfiguration section */
		54612AF320C22D2C00C5E271 /* Debug */ = {
			isa = XCBuildConfiguration;
			buildSettings = {
				ALWAYS_SEARCH_USER_PATHS = NO;
				CLANG_ANALYZER_NONNULL = YES;
				CLANG_ANALYZER_NUMBER_OBJECT_CONVERSION = YES_AGGRESSIVE;
				CLANG_CXX_LANGUAGE_STANDARD = "gnu++14";
				CLANG_CXX_LIBRARY = "libc++";
				CLANG_ENABLE_MODULES = YES;
				CLANG_ENABLE_OBJC_ARC = YES;
				CLANG_ENABLE_OBJC_WEAK = YES;
				CLANG_WARN_BLOCK_CAPTURE_AUTORELEASING = YES;
				CLANG_WARN_BOOL_CONVERSION = YES;
				CLANG_WARN_COMMA = YES;
				CLANG_WARN_CONSTANT_CONVERSION = YES;
				CLANG_WARN_DEPRECATED_OBJC_IMPLEMENTATIONS = YES;
				CLANG_WARN_DIRECT_OBJC_ISA_USAGE = YES_ERROR;
				CLANG_WARN_DOCUMENTATION_COMMENTS = YES;
				CLANG_WARN_EMPTY_BODY = YES;
				CLANG_WARN_ENUM_CONVERSION = YES;
				CLANG_WARN_INFINITE_RECURSION = YES;
				CLANG_WARN_INT_CONVERSION = YES;
				CLANG_WARN_NON_LITERAL_NULL_CONVERSION = YES;
				CLANG_WARN_OBJC_IMPLICIT_RETAIN_SELF = YES;
				CLANG_WARN_OBJC_LITERAL_CONVERSION = YES;
				CLANG_WARN_OBJC_ROOT_CLASS = YES_ERROR;
				CLANG_WARN_RANGE_LOOP_ANALYSIS = YES;
				CLANG_WARN_STRICT_PROTOTYPES = YES;
				CLANG_WARN_SUSPICIOUS_MOVE = YES;
				CLANG_WARN_UNGUARDED_AVAILABILITY = YES_AGGRESSIVE;
				CLANG_WARN_UNREACHABLE_CODE = YES;
				CLANG_WARN__DUPLICATE_METHOD_MATCH = YES;
				CODE_SIGN_IDENTITY = "iPhone Developer";
				COPY_PHASE_STRIP = NO;
				DEBUG_INFORMATION_FORMAT = dwarf;
				ENABLE_STRICT_OBJC_MSGSEND = YES;
				ENABLE_TESTABILITY = YES;
				GCC_C_LANGUAGE_STANDARD = gnu11;
				GCC_DYNAMIC_NO_PIC = NO;
				GCC_NO_COMMON_BLOCKS = YES;
				GCC_OPTIMIZATION_LEVEL = 0;
				GCC_PREPROCESSOR_DEFINITIONS = (
					"DEBUG=1",
					"$(inherited)",
				);
				GCC_WARN_64_TO_32_BIT_CONVERSION = YES;
				GCC_WARN_ABOUT_RETURN_TYPE = YES_ERROR;
				GCC_WARN_UNDECLARED_SELECTOR = YES;
				GCC_WARN_UNINITIALIZED_AUTOS = YES_AGGRESSIVE;
				GCC_WARN_UNUSED_FUNCTION = YES;
				GCC_WARN_UNUSED_VARIABLE = YES;
				IPHONEOS_DEPLOYMENT_TARGET = 11.4;
				MTL_ENABLE_DEBUG_INFO = YES;
				ONLY_ACTIVE_ARCH = YES;
				SDKROOT = iphoneos;
				SWIFT_ACTIVE_COMPILATION_CONDITIONS = DEBUG;
				SWIFT_OPTIMIZATION_LEVEL = "-Onone";
			};
			name = Debug;
		};
		54612AF420C22D2C00C5E271 /* Release */ = {
			isa = XCBuildConfiguration;
			buildSettings = {
				ALWAYS_SEARCH_USER_PATHS = NO;
				CLANG_ANALYZER_NONNULL = YES;
				CLANG_ANALYZER_NUMBER_OBJECT_CONVERSION = YES_AGGRESSIVE;
				CLANG_CXX_LANGUAGE_STANDARD = "gnu++14";
				CLANG_CXX_LIBRARY = "libc++";
				CLANG_ENABLE_MODULES = YES;
				CLANG_ENABLE_OBJC_ARC = YES;
				CLANG_ENABLE_OBJC_WEAK = YES;
				CLANG_WARN_BLOCK_CAPTURE_AUTORELEASING = YES;
				CLANG_WARN_BOOL_CONVERSION = YES;
				CLANG_WARN_COMMA = YES;
				CLANG_WARN_CONSTANT_CONVERSION = YES;
				CLANG_WARN_DEPRECATED_OBJC_IMPLEMENTATIONS = YES;
				CLANG_WARN_DIRECT_OBJC_ISA_USAGE = YES_ERROR;
				CLANG_WARN_DOCUMENTATION_COMMENTS = YES;
				CLANG_WARN_EMPTY_BODY = YES;
				CLANG_WARN_ENUM_CONVERSION = YES;
				CLANG_WARN_INFINITE_RECURSION = YES;
				CLANG_WARN_INT_CONVERSION = YES;
				CLANG_WARN_NON_LITERAL_NULL_CONVERSION = YES;
				CLANG_WARN_OBJC_IMPLICIT_RETAIN_SELF = YES;
				CLANG_WARN_OBJC_LITERAL_CONVERSION = YES;
				CLANG_WARN_OBJC_ROOT_CLASS = YES_ERROR;
				CLANG_WARN_RANGE_LOOP_ANALYSIS = YES;
				CLANG_WARN_STRICT_PROTOTYPES = YES;
				CLANG_WARN_SUSPICIOUS_MOVE = YES;
				CLANG_WARN_UNGUARDED_AVAILABILITY = YES_AGGRESSIVE;
				CLANG_WARN_UNREACHABLE_CODE = YES;
				CLANG_WARN__DUPLICATE_METHOD_MATCH = YES;
				CODE_SIGN_IDENTITY = "iPhone Developer";
				COPY_PHASE_STRIP = NO;
				DEBUG_INFORMATION_FORMAT = "dwarf-with-dsym";
				ENABLE_NS_ASSERTIONS = NO;
				ENABLE_STRICT_OBJC_MSGSEND = YES;
				GCC_C_LANGUAGE_STANDARD = gnu11;
				GCC_NO_COMMON_BLOCKS = YES;
				GCC_WARN_64_TO_32_BIT_CONVERSION = YES;
				GCC_WARN_ABOUT_RETURN_TYPE = YES_ERROR;
				GCC_WARN_UNDECLARED_SELECTOR = YES;
				GCC_WARN_UNINITIALIZED_AUTOS = YES_AGGRESSIVE;
				GCC_WARN_UNUSED_FUNCTION = YES;
				GCC_WARN_UNUSED_VARIABLE = YES;
				IPHONEOS_DEPLOYMENT_TARGET = 11.4;
				MTL_ENABLE_DEBUG_INFO = NO;
				SDKROOT = iphoneos;
				SWIFT_COMPILATION_MODE = wholemodule;
				SWIFT_OPTIMIZATION_LEVEL = "-O";
				VALIDATE_PRODUCT = YES;
			};
			name = Release;
		};
		54612AF620C22D2C00C5E271 /* Debug */ = {
			isa = XCBuildConfiguration;
			buildSettings = {
				ASSETCATALOG_COMPILER_APPICON_NAME = AppIcon;
				CODE_SIGN_STYLE = Automatic;
				DEVELOPMENT_TEAM = 28A762C3YC;
				INFOPLIST_FILE = demo/Info.plist;
				LD_RUNPATH_SEARCH_PATHS = (
					"$(inherited)",
					"@executable_path/Frameworks",
				);
				PRODUCT_BUNDLE_IDENTIFIER = com.christopherslade.demo;
				PRODUCT_NAME = "$(TARGET_NAME)";
				SWIFT_VERSION = 4.0;
				TARGETED_DEVICE_FAMILY = "1,2";
			};
			name = Debug;
		};
		54612AF720C22D2C00C5E271 /* Release */ = {
			isa = XCBuildConfiguration;
			buildSettings = {
				ASSETCATALOG_COMPILER_APPICON_NAME = AppIcon;
				CODE_SIGN_STYLE = Automatic;
				DEVELOPMENT_TEAM = 28A762C3YC;
				INFOPLIST_FILE = demo/Info.plist;
				LD_RUNPATH_SEARCH_PATHS = (
					"$(inherited)",
					"@executable_path/Frameworks",
				);
				PRODUCT_BUNDLE_IDENTIFIER = com.christopherslade.demo;
				PRODUCT_NAME = "$(TARGET_NAME)";
				SWIFT_VERSION = 4.0;
				TARGETED_DEVICE_FAMILY = "1,2";
			};
			name = Release;
		};
/* End XCBuildConfiguration section */

/* Begin XCConfigurationList section */
		54612ADE20C22D2B00C5E271 /* Build configuration list for PBXProject "demo" */ = {
			isa = XCConfigurationList;
			buildConfigurations = (
				54612AF320C22D2C00C5E271 /* Debug */,
				54612AF420C22D2C00C5E271 /* Release */,
			);
			defaultConfigurationIsVisible = 0;
			defaultConfigurationName = Release;
		};
		54612AF520C22D2C00C5E271 /* Build configuration list for PBXNativeTarget "demo" */ = {
			isa = XCConfigurationList;
			buildConfigurations = (
				54612AF620C22D2C00C5E271 /* Debug */,
				54612AF720C22D2C00C5E271 /* Release */,
			);
			defaultConfigurationIsVisible = 0;
			defaultConfigurationName = Release;
		};
/* End XCConfigurationList section */
	};
	rootObject = 54612ADB20C22D2B00C5E271 /* Project object */;
}
